{
  "name": "mdx-heading-id-issue-project",
  "version": "1.0.0",
  "lockfileVersion": 2,
  "requires": true,
  "packages": {
    "": {
      "name": "mdx-heading-id-issue-project",
      "version": "1.0.0",
      "license": "ISC",
      "dependencies": {
        "remark-custom-heading-id": "^1.0.1"
      }
    },
    "node_modules/@types/unist": {
      "version": "2.0.10",
      "resolved": "https://registry.npmjs.org/@types/unist/-/unist-2.0.10.tgz",
      "integrity": "sha512-IfYcSBWE3hLpBg8+X2SEa8LVkJdJEkT2Ese2aaLs3ptGdVtABxndrMaxuFlQ1qdFf9Q5rDvDpxI3WwgvKFAsQA=="
    },
    "node_modules/mdast-heading-id": {
      "version": "1.0.1",
      "resolved": "https://registry.npmjs.org/mdast-heading-id/-/mdast-heading-id-1.0.1.tgz",
      "integrity": "sha512-TrZqVGAAJ6BjzXTjvdHEUYqQqCJrdGTyKx/pyBBklBE7JpAdpaJy7c4b0KDXJGPEhyewDLjAS9ZYhD3yOUajlw=="
    },
    "node_modules/micromark-heading-id": {
      "version": "1.0.1",
      "resolved": "https://registry.npmjs.org/micromark-heading-id/-/micromark-heading-id-1.0.1.tgz",
      "integrity": "sha512-AcJm5cDKg0zPxXqaFK73KcwsnQzNUF4uhEdb/BCrr61W70z8XTuAnHTf7fOJ5a4EhF3TGADTsgqVzCko16gJwQ==",
      "dependencies": {
        "micromark-util-symbol": "^1.0.1"
      }
    },
    "node_modules/micromark-util-symbol": {
      "version": "1.1.0",
      "resolved": "https://registry.npmjs.org/micromark-util-symbol/-/micromark-util-symbol-1.1.0.tgz",
      "integrity": "sha512-uEjpEYY6KMs1g7QfJ2eX1SQEV+ZT4rUD3UcF6l57acZvLNK7PBZL+ty82Z1qhK1/yXIY4bdx04FKMgR0g4IAag==",
      "funding": [
        {
          "type": "GitHub Sponsors",
          "url": "https://github.com/sponsors/unifiedjs"
        },
        {
          "type": "OpenCollective",
          "url": "https://opencollective.com/unified"
        }
      ]
    },
    "node_modules/remark-custom-heading-id": {
      "version": "1.0.1",
      "resolved": "https://registry.npmjs.org/remark-custom-heading-id/-/remark-custom-heading-id-1.0.1.tgz",
      "integrity": "sha512-K9gIrLOmIdOsHusDRQL4U0ew7Q3WzzKsr3tquKuppV/kJwEYj4v+Bn/T9pJkkpS1m2i9y9lrsmh9vHs4sRPLIg==",
      "dependencies": {
        "mdast-heading-id": "*",
        "micromark-heading-id": "*",
        "unist-util-visit": "^4.1.2"
      }
    },
    "node_modules/unist-util-is": {
      "version": "5.2.1",
      "resolved": "https://registry.npmjs.org/unist-util-is/-/unist-util-is-5.2.1.tgz",
      "integrity": "sha512-u9njyyfEh43npf1M+yGKDGVPbY/JWEemg5nH05ncKPfi+kBbKBJoTdsogMu33uhytuLlv9y0O7GH7fEdwLdLQw==",
      "dependencies": {
        "@types/unist": "^2.0.0"
      },
      "funding": {
        "type": "opencollective",
        "url": "https://opencollective.com/unified"
      }
    },
    "node_modules/unist-util-visit": {
      "version": "4.1.2",
      "resolved": "https://registry.npmjs.org/unist-util-visit/-/unist-util-visit-4.1.2.tgz",
      "integrity": "sha512-MSd8OUGISqHdVvfY9TPhyK2VdUrPgxkUtWSuMHF6XAAFuL4LokseigBnZtPnJMu+FbynTkFNnFlyjxpVKujMRg==",
      "dependencies": {
        "@types/unist": "^2.0.0",
        "unist-util-is": "^5.0.0",
        "unist-util-visit-parents": "^5.1.1"
      },
      "funding": {
        "type": "opencollective",
        "url": "https://opencollective.com/unified"
      }
    },
    "node_modules/unist-util-visit-parents": {
      "version": "5.1.3",
      "resolved": "https://registry.npmjs.org/unist-util-visit-parents/-/unist-util-visit-parents-5.1.3.tgz",
      "integrity": "sha512-x6+y8g7wWMyQhL1iZfhIPhDAs7Xwbn9nRosDXl7qoPTSCy0yNxnKc+hWokFifWQIDGi154rdUqKvbCa4+1kLhg==",
      "dependencies": {
        "@types/unist": "^2.0.0",
        "unist-util-is": "^5.0.0"
      },
      "funding": {
        "type": "opencollective",
        "url": "https://opencollective.com/unified"
      }
    }
  },
  "dependencies": {
    "@types/unist": {
      "version": "2.0.10",
      "resolved": "https://registry.npmjs.org/@types/unist/-/unist-2.0.10.tgz",
      "integrity": "sha512-IfYcSBWE3hLpBg8+X2SEa8LVkJdJEkT2Ese2aaLs3ptGdVtABxndrMaxuFlQ1qdFf9Q5rDvDpxI3WwgvKFAsQA=="
    },
    "mdast-heading-id": {
      "version": "1.0.1",
      "resolved": "https://registry.npmjs.org/mdast-heading-id/-/mdast-heading-id-1.0.1.tgz",
      "integrity": "sha512-TrZqVGAAJ6BjzXTjvdHEUYqQqCJrdGTyKx/pyBBklBE7JpAdpaJy7c4b0KDXJGPEhyewDLjAS9ZYhD3yOUajlw=="
    },
    "micromark-heading-id": {
      "version": "1.0.1",
      "resolved": "https://registry.npmjs.org/micromark-heading-id/-/micromark-heading-id-1.0.1.tgz",
      "integrity": "sha512-AcJm5cDKg0zPxXqaFK73KcwsnQzNUF4uhEdb/BCrr61W70z8XTuAnHTf7fOJ5a4EhF3TGADTsgqVzCko16gJwQ==",
      "requires": {
        "micromark-util-symbol": "^1.0.1"
      }
    },
    "micromark-util-symbol": {
      "version": "1.1.0",
      "resolved": "https://registry.npmjs.org/micromark-util-symbol/-/micromark-util-symbol-1.1.0.tgz",
      "integrity": "sha512-uEjpEYY6KMs1g7QfJ2eX1SQEV+ZT4rUD3UcF6l57acZvLNK7PBZL+ty82Z1qhK1/yXIY4bdx04FKMgR0g4IAag=="
    },
    "remark-custom-heading-id": {
      "version": "1.0.1",
      "resolved": "https://registry.npmjs.org/remark-custom-heading-id/-/remark-custom-heading-id-1.0.1.tgz",
      "integrity": "sha512-K9gIrLOmIdOsHusDRQL4U0ew7Q3WzzKsr3tquKuppV/kJwEYj4v+Bn/T9pJkkpS1m2i9y9lrsmh9vHs4sRPLIg==",
      "requires": {
        "mdast-heading-id": "*",
        "micromark-heading-id": "*",
        "unist-util-visit": "^4.1.2"
      }
    },
    "unist-util-is": {
      "version": "5.2.1",
      "resolved": "https://registry.npmjs.org/unist-util-is/-/unist-util-is-5.2.1.tgz",
      "integrity": "sha512-u9njyyfEh43npf1M+yGKDGVPbY/JWEemg5nH05ncKPfi+kBbKBJoTdsogMu33uhytuLlv9y0O7GH7fEdwLdLQw==",
      "requires": {
        "@types/unist": "^2.0.0"
      }
    },
    "unist-util-visit": {
      "version": "4.1.2",
      "resolved": "https://registry.npmjs.org/unist-util-visit/-/unist-util-visit-4.1.2.tgz",
      "integrity": "sha512-MSd8OUGISqHdVvfY9TPhyK2VdUrPgxkUtWSuMHF6XAAFuL4LokseigBnZtPnJMu+FbynTkFNnFlyjxpVKujMRg==",
      "requires": {
        "@types/unist": "^2.0.0",
        "unist-util-is": "^5.0.0",
        "unist-util-visit-parents": "^5.1.1"
      }
    },
    "unist-util-visit-parents": {
      "version": "5.1.3",
      "resolved": "https://registry.npmjs.org/unist-util-visit-parents/-/unist-util-visit-parents-5.1.3.tgz",
      "integrity": "sha512-x6+y8g7wWMyQhL1iZfhIPhDAs7Xwbn9nRosDXl7qoPTSCy0yNxnKc+hWokFifWQIDGi154rdUqKvbCa4+1kLhg==",
      "requires": {
        "@types/unist": "^2.0.0",
        "unist-util-is": "^5.0.0"
      }
    }
  }
}
